
Microsoft Visual Studio Solution File, Format Version 12.00
# Visual Studio 15
VisualStudioVersion = 15.0.28307.572
MinimumVisualStudioVersion = 10.0.40219.1
Project("{FAE04EC0-301F-11D3-BF4B-00C04F79EFBC}") = "WindowsFormsApp5", "WindowsFormsApp5\WindowsFormsApp5.csproj", "{DB16B895-AC16-45EB-B9C5-2FD76367A9BD}"
EndProject
Global
	GlobalSection(SolutionConfigurationPlatforms) = preSolution
		Debug|Any CPU = Debug|Any CPU
		Release|Any CPU = Release|Any CPU
	EndGlobalSection
	GlobalSection(ProjectConfigurationPlatforms) = postSolution
		{DB16B895-AC16-45EB-B9C5-2FD76367A9BD}.Debug|Any CPU.ActiveCfg = Debug|Any CPU
		{DB16B895-AC16-45EB-B9C5-2FD76367A9BD}.Debug|Any CPU.Build.0 = Debug|Any CPU
		{DB16B895-AC16-45EB-B9C5-2FD76367A9BD}.Release|Any CPU.ActiveCfg = Release|Any CPU
		{DB16B895-AC16-45EB-B9C5-2FD76367A9BD}.Release|Any CPU.Build.0 = Release|Any CPU
	EndGlobalSection
	GlobalSection(SolutionProperties) = preSolution
		HideSolutionNode = FALSE
	EndGlobalSection
	GlobalSection(ExtensibilityGlobals) = postSolution
		SolutionGuid = {834C5AF5-8A64-4DAC-9FAB-5EDF3C33B2AF}
	EndGlobalSection
EndGlobal
